
Microsoft Visual Studio Solution File, Format Version 12.00
# Visual Studio 14
VisualStudioVersion = 14.0.25420.1
MinimumVisualStudioVersion = 10.0.40219.1
Project("{FAE04EC0-301F-11D3-BF4B-00C04F79EFBC}") = "winAppSAIC_Pensiones", "winAppSAIC\winAppSAIC_Pensiones.csproj", "{28054CA0-70B4-4E98-9B72-2FC7D052E62D}"
EndProject
Project("{FAE04EC0-301F-11D3-BF4B-00C04F79EFBC}") = "compLibreriaSAIC", "compLibreriaSAIC\compLibreriaSAIC.csproj", "{8D437637-4CFA-4B49-88D9-2E06770558CD}"
EndProject
Project("{FAE04EC0-301F-11D3-BF4B-00C04F79EFBC}") = "compCatalogosSAIC", "compCatalogosSAIC\compCatalogosSAIC.csproj", "{85B3EDD7-CD7E-41D9-B4F9-798C99BAAB3D}"
EndProject
Project("{FAE04EC0-301F-11D3-BF4B-00C04F79EFBC}") = "compIMSS", "compIMSS\compIMSS.csproj", "{F31E3312-FAD7-4842-8696-F069DC5FC9A8}"
EndProject
Project("{FAE04EC0-301F-11D3-BF4B-00C04F79EFBC}") = "compEmail", "compEmail\compEmail.csproj", "{112B83C6-1403-4E81-B2B2-8DE02BC3587C}"
EndProject
Project("{FAE04EC0-301F-11D3-BF4B-00C04F79EFBC}") = "compExport", "compExport\compExport.csproj", "{FB193707-8809-4C04-86D0-015C3D4852BE}"
EndProject
Project("{FAE04EC0-301F-11D3-BF4B-00C04F79EFBC}") = "compLayoutBancos", "compLayoutBancos\compLayoutBancos.csproj", "{333CFED0-B19C-4A72-A502-9A4782C852D4}"
EndProject
Project("{FAE04EC0-301F-11D3-BF4B-00C04F79EFBC}") = "compNominaCFDI", "compNominaCFDI\compNominaCFDI.csproj", "{5FED9495-22B8-4A51-8C34-A94DF3081781}"
EndProject
Project("{6141683F-8A12-4E36-9623-2EB02B2C2303}") = "Setup ADN Pruebas", "Setup ADN Pruebas\Setup ADN Pruebas.isproj", "{AD514421-FADB-4FC5-A6FA-A09F97DA90A8}"
	ProjectSection(ProjectDependencies) = postProject
		{28054CA0-70B4-4E98-9B72-2FC7D052E62D} = {28054CA0-70B4-4E98-9B72-2FC7D052E62D}
	EndProjectSection
EndProject
Project("{6141683F-8A12-4E36-9623-2EB02B2C2303}") = "Setup ADN", "Setup ADN\Setup ADN.isproj", "{9B210303-49D5-4F76-9F55-E3AB85312C96}"
	ProjectSection(ProjectDependencies) = postProject
		{28054CA0-70B4-4E98-9B72-2FC7D052E62D} = {28054CA0-70B4-4E98-9B72-2FC7D052E62D}
	EndProjectSection
EndProject
Global
	GlobalSection(SolutionConfigurationPlatforms) = preSolution
		CD_ROM|Any CPU = CD_ROM|Any CPU
		CD_ROM|Mixed Platforms = CD_ROM|Mixed Platforms
		CD_ROM|x64 = CD_ROM|x64
		CD_ROM|x86 = CD_ROM|x86
		Debug|Any CPU = Debug|Any CPU
		Debug|Mixed Platforms = Debug|Mixed Platforms
		Debug|x64 = Debug|x64
		Debug|x86 = Debug|x86
		DVD-5|Any CPU = DVD-5|Any CPU
		DVD-5|Mixed Platforms = DVD-5|Mixed Platforms
		DVD-5|x64 = DVD-5|x64
		DVD-5|x86 = DVD-5|x86
		Release|Any CPU = Release|Any CPU
		Release|Mixed Platforms = Release|Mixed Platforms
		Release|x64 = Release|x64
		Release|x86 = Release|x86
		SingleImage|Any CPU = SingleImage|Any CPU
		SingleImage|Mixed Platforms = SingleImage|Mixed Platforms
		SingleImage|x64 = SingleImage|x64
		SingleImage|x86 = SingleImage|x86
	EndGlobalSection
	GlobalSection(ProjectConfigurationPlatforms) = postSolution
		{28054CA0-70B4-4E98-9B72-2FC7D052E62D}.CD_ROM|Any CPU.ActiveCfg = Release|x86
		{28054CA0-70B4-4E98-9B72-2FC7D052E62D}.CD_ROM|Mixed Platforms.ActiveCfg = Release|x86
		{28054CA0-70B4-4E98-9B72-2FC7D052E62D}.CD_ROM|Mixed Platforms.Build.0 = Release|x86
		{28054CA0-70B4-4E98-9B72-2FC7D052E62D}.CD_ROM|x64.ActiveCfg = Release|x64
		{28054CA0-70B4-4E98-9B72-2FC7D052E62D}.CD_ROM|x64.Build.0 = Release|x64
		{28054CA0-70B4-4E98-9B72-2FC7D052E62D}.CD_ROM|x86.ActiveCfg = Release|x86
		{28054CA0-70B4-4E98-9B72-2FC7D052E62D}.CD_ROM|x86.Build.0 = Release|x86
		{28054CA0-70B4-4E98-9B72-2FC7D052E62D}.Debug|Any CPU.ActiveCfg = Debug|Any CPU
		{28054CA0-70B4-4E98-9B72-2FC7D052E62D}.Debug|Any CPU.Build.0 = Debug|Any CPU
		{28054CA0-70B4-4E98-9B72-2FC7D052E62D}.Debug|Mixed Platforms.ActiveCfg = Debug|Any CPU
		{28054CA0-70B4-4E98-9B72-2FC7D052E62D}.Debug|Mixed Platforms.Build.0 = Debug|Any CPU
		{28054CA0-70B4-4E98-9B72-2FC7D052E62D}.Debug|x64.ActiveCfg = Debug|Any CPU
		{28054CA0-70B4-4E98-9B72-2FC7D052E62D}.Debug|x64.Build.0 = Debug|Any CPU
		{28054CA0-70B4-4E98-9B72-2FC7D052E62D}.Debug|x86.ActiveCfg = Debug|x86
		{28054CA0-70B4-4E98-9B72-2FC7D052E62D}.Debug|x86.Build.0 = Debug|x86
		{28054CA0-70B4-4E98-9B72-2FC7D052E62D}.DVD-5|Any CPU.ActiveCfg = Debug|x86
		{28054CA0-70B4-4E98-9B72-2FC7D052E62D}.DVD-5|Mixed Platforms.ActiveCfg = Debug|x86
		{28054CA0-70B4-4E98-9B72-2FC7D052E62D}.DVD-5|Mixed Platforms.Build.0 = Debug|x86
		{28054CA0-70B4-4E98-9B72-2FC7D052E62D}.DVD-5|x64.ActiveCfg = Debug|x64
		{28054CA0-70B4-4E98-9B72-2FC7D052E62D}.DVD-5|x64.Build.0 = Debug|x64
		{28054CA0-70B4-4E98-9B72-2FC7D052E62D}.DVD-5|x86.ActiveCfg = Debug|x86
		{28054CA0-70B4-4E98-9B72-2FC7D052E62D}.DVD-5|x86.Build.0 = Debug|x86
		{28054CA0-70B4-4E98-9B72-2FC7D052E62D}.Release|Any CPU.ActiveCfg = Release|Any CPU
		{28054CA0-70B4-4E98-9B72-2FC7D052E62D}.Release|Any CPU.Build.0 = Release|Any CPU
		{28054CA0-70B4-4E98-9B72-2FC7D052E62D}.Release|Mixed Platforms.ActiveCfg = Debug|x86
		{28054CA0-70B4-4E98-9B72-2FC7D052E62D}.Release|Mixed Platforms.Build.0 = Debug|x86
		{28054CA0-70B4-4E98-9B72-2FC7D052E62D}.Release|x64.ActiveCfg = Release|x64
		{28054CA0-70B4-4E98-9B72-2FC7D052E62D}.Release|x64.Build.0 = Release|x64
		{28054CA0-70B4-4E98-9B72-2FC7D052E62D}.Release|x86.ActiveCfg = Release|x86
		{28054CA0-70B4-4E98-9B72-2FC7D052E62D}.Release|x86.Build.0 = Release|x86
		{28054CA0-70B4-4E98-9B72-2FC7D052E62D}.SingleImage|Any CPU.ActiveCfg = Release|x86
		{28054CA0-70B4-4E98-9B72-2FC7D052E62D}.SingleImage|Mixed Platforms.ActiveCfg = Release|x86
		{28054CA0-70B4-4E98-9B72-2FC7D052E62D}.SingleImage|Mixed Platforms.Build.0 = Release|x86
		{28054CA0-70B4-4E98-9B72-2FC7D052E62D}.SingleImage|x64.ActiveCfg = Release|x64
		{28054CA0-70B4-4E98-9B72-2FC7D052E62D}.SingleImage|x64.Build.0 = Release|x64
		{28054CA0-70B4-4E98-9B72-2FC7D052E62D}.SingleImage|x86.ActiveCfg = Release|x86
		{28054CA0-70B4-4E98-9B72-2FC7D052E62D}.SingleImage|x86.Build.0 = Release|x86
		{8D437637-4CFA-4B49-88D9-2E06770558CD}.CD_ROM|Any CPU.ActiveCfg = Release|Any CPU
		{8D437637-4CFA-4B49-88D9-2E06770558CD}.CD_ROM|Any CPU.Build.0 = Release|Any CPU
		{8D437637-4CFA-4B49-88D9-2E06770558CD}.CD_ROM|Mixed Platforms.ActiveCfg = Release|Any CPU
		{8D437637-4CFA-4B49-88D9-2E06770558CD}.CD_ROM|Mixed Platforms.Build.0 = Release|Any CPU
		{8D437637-4CFA-4B49-88D9-2E06770558CD}.CD_ROM|x64.ActiveCfg = Debug|Any CPU
		{8D437637-4CFA-4B49-88D9-2E06770558CD}.CD_ROM|x64.Build.0 = Debug|Any CPU
		{8D437637-4CFA-4B49-88D9-2E06770558CD}.CD_ROM|x86.ActiveCfg = Release|Any CPU
		{8D437637-4CFA-4B49-88D9-2E06770558CD}.Debug|Any CPU.ActiveCfg = Debug|Any CPU
		{8D437637-4CFA-4B49-88D9-2E06770558CD}.Debug|Any CPU.Build.0 = Debug|Any CPU
		{8D437637-4CFA-4B49-88D9-2E06770558CD}.Debug|Mixed Platforms.ActiveCfg = Debug|Any CPU
		{8D437637-4CFA-4B49-88D9-2E06770558CD}.Debug|Mixed Platforms.Build.0 = Debug|Any CPU
		{8D437637-4CFA-4B49-88D9-2E06770558CD}.Debug|x64.ActiveCfg = Debug|Any CPU
		{8D437637-4CFA-4B49-88D9-2E06770558CD}.Debug|x64.Build.0 = Debug|Any CPU
		{8D437637-4CFA-4B49-88D9-2E06770558CD}.Debug|x86.ActiveCfg = Debug|Any CPU
		{8D437637-4CFA-4B49-88D9-2E06770558CD}.DVD-5|Any CPU.ActiveCfg = Debug|Any CPU
		{8D437637-4CFA-4B49-88D9-2E06770558CD}.DVD-5|Any CPU.Build.0 = Debug|Any CPU
		{8D437637-4CFA-4B49-88D9-2E06770558CD}.DVD-5|Mixed Platforms.ActiveCfg = Debug|Any CPU
		{8D437637-4CFA-4B49-88D9-2E06770558CD}.DVD-5|Mixed Platforms.Build.0 = Debug|Any CPU
		{8D437637-4CFA-4B49-88D9-2E06770558CD}.DVD-5|x64.ActiveCfg = Debug|Any CPU
		{8D437637-4CFA-4B49-88D9-2E06770558CD}.DVD-5|x64.Build.0 = Debug|Any CPU
		{8D437637-4CFA-4B49-88D9-2E06770558CD}.DVD-5|x86.ActiveCfg = Debug|Any CPU
		{8D437637-4CFA-4B49-88D9-2E06770558CD}.Release|Any CPU.ActiveCfg = Release|Any CPU
		{8D437637-4CFA-4B49-88D9-2E06770558CD}.Release|Any CPU.Build.0 = Release|Any CPU
		{8D437637-4CFA-4B49-88D9-2E06770558CD}.Release|Mixed Platforms.ActiveCfg = Debug|Any CPU
		{8D437637-4CFA-4B49-88D9-2E06770558CD}.Release|Mixed Platforms.Build.0 = Debug|Any CPU
		{8D437637-4CFA-4B49-88D9-2E06770558CD}.Release|x64.ActiveCfg = Release|Any CPU
		{8D437637-4CFA-4B49-88D9-2E06770558CD}.Release|x64.Build.0 = Release|Any CPU
		{8D437637-4CFA-4B49-88D9-2E06770558CD}.Release|x86.ActiveCfg = Release|Any CPU
		{8D437637-4CFA-4B49-88D9-2E06770558CD}.SingleImage|Any CPU.ActiveCfg = Release|Any CPU
		{8D437637-4CFA-4B49-88D9-2E06770558CD}.SingleImage|Any CPU.Build.0 = Release|Any CPU
		{8D437637-4CFA-4B49-88D9-2E06770558CD}.SingleImage|Mixed Platforms.ActiveCfg = Release|Any CPU
		{8D437637-4CFA-4B49-88D9-2E06770558CD}.SingleImage|Mixed Platforms.Build.0 = Release|Any CPU
		{8D437637-4CFA-4B49-88D9-2E06770558CD}.SingleImage|x64.ActiveCfg = Debug|Any CPU
		{8D437637-4CFA-4B49-88D9-2E06770558CD}.SingleImage|x64.Build.0 = Debug|Any CPU
		{8D437637-4CFA-4B49-88D9-2E06770558CD}.SingleImage|x86.ActiveCfg = Release|Any CPU
		{85B3EDD7-CD7E-41D9-B4F9-798C99BAAB3D}.CD_ROM|Any CPU.ActiveCfg = Release|Any CPU
		{85B3EDD7-CD7E-41D9-B4F9-798C99BAAB3D}.CD_ROM|Any CPU.Build.0 = Release|Any CPU
		{85B3EDD7-CD7E-41D9-B4F9-798C99BAAB3D}.CD_ROM|Mixed Platforms.ActiveCfg = Release|Any CPU
		{85B3EDD7-CD7E-41D9-B4F9-798C99BAAB3D}.CD_ROM|Mixed Platforms.Build.0 = Release|Any CPU
		{85B3EDD7-CD7E-41D9-B4F9-798C99BAAB3D}.CD_ROM|x64.ActiveCfg = Debug|Any CPU
		{85B3EDD7-CD7E-41D9-B4F9-798C99BAAB3D}.CD_ROM|x64.Build.0 = Debug|Any CPU
		{85B3EDD7-CD7E-41D9-B4F9-798C99BAAB3D}.CD_ROM|x86.ActiveCfg = Release|Any CPU
		{85B3EDD7-CD7E-41D9-B4F9-798C99BAAB3D}.Debug|Any CPU.ActiveCfg = Debug|Any CPU
		{85B3EDD7-CD7E-41D9-B4F9-798C99BAAB3D}.Debug|Any CPU.Build.0 = Debug|Any CPU
		{85B3EDD7-CD7E-41D9-B4F9-798C99BAAB3D}.Debug|Mixed Platforms.ActiveCfg = Debug|Any CPU
		{85B3EDD7-CD7E-41D9-B4F9-798C99BAAB3D}.Debug|Mixed Platforms.Build.0 = Debug|Any CPU
		{85B3EDD7-CD7E-41D9-B4F9-798C99BAAB3D}.Debug|x64.ActiveCfg = Debug|Any CPU
		{85B3EDD7-CD7E-41D9-B4F9-798C99BAAB3D}.Debug|x64.Build.0 = Debug|Any CPU
		{85B3EDD7-CD7E-41D9-B4F9-798C99BAAB3D}.Debug|x86.ActiveCfg = Debug|Any CPU
		{85B3EDD7-CD7E-41D9-B4F9-798C99BAAB3D}.DVD-5|Any CPU.ActiveCfg = Debug|Any CPU
		{85B3EDD7-CD7E-41D9-B4F9-798C99BAAB3D}.DVD-5|Any CPU.Build.0 = Debug|Any CPU
		{85B3EDD7-CD7E-41D9-B4F9-798C99BAAB3D}.DVD-5|Mixed Platforms.ActiveCfg = Debug|Any CPU
		{85B3EDD7-CD7E-41D9-B4F9-798C99BAAB3D}.DVD-5|Mixed Platforms.Build.0 = Debug|Any CPU
		{85B3EDD7-CD7E-41D9-B4F9-798C99BAAB3D}.DVD-5|x64.ActiveCfg = Debug|Any CPU
		{85B3EDD7-CD7E-41D9-B4F9-798C99BAAB3D}.DVD-5|x64.Build.0 = Debug|Any CPU
		{85B3EDD7-CD7E-41D9-B4F9-798C99BAAB3D}.DVD-5|x86.ActiveCfg = Debug|Any CPU
		{85B3EDD7-CD7E-41D9-B4F9-798C99BAAB3D}.Release|Any CPU.ActiveCfg = Release|Any CPU
		{85B3EDD7-CD7E-41D9-B4F9-798C99BAAB3D}.Release|Any CPU.Build.0 = Release|Any CPU
		{85B3EDD7-CD7E-41D9-B4F9-798C99BAAB3D}.Release|Mixed Platforms.ActiveCfg = Debug|Any CPU
		{85B3EDD7-CD7E-41D9-B4F9-798C99BAAB3D}.Release|Mixed Platforms.Build.0 = Debug|Any CPU
		{85B3EDD7-CD7E-41D9-B4F9-798C99BAAB3D}.Release|x64.ActiveCfg = Release|Any CPU
		{85B3EDD7-CD7E-41D9-B4F9-798C99BAAB3D}.Release|x64.Build.0 = Release|Any CPU
		{85B3EDD7-CD7E-41D9-B4F9-798C99BAAB3D}.Release|x86.ActiveCfg = Release|Any CPU
		{85B3EDD7-CD7E-41D9-B4F9-798C99BAAB3D}.SingleImage|Any CPU.ActiveCfg = Release|Any CPU
		{85B3EDD7-CD7E-41D9-B4F9-798C99BAAB3D}.SingleImage|Any CPU.Build.0 = Release|Any CPU
		{85B3EDD7-CD7E-41D9-B4F9-798C99BAAB3D}.SingleImage|Mixed Platforms.ActiveCfg = Release|Any CPU
		{85B3EDD7-CD7E-41D9-B4F9-798C99BAAB3D}.SingleImage|Mixed Platforms.Build.0 = Release|Any CPU
		{85B3EDD7-CD7E-41D9-B4F9-798C99BAAB3D}.SingleImage|x64.ActiveCfg = Debug|Any CPU
		{85B3EDD7-CD7E-41D9-B4F9-798C99BAAB3D}.SingleImage|x64.Build.0 = Debug|Any CPU
		{85B3EDD7-CD7E-41D9-B4F9-798C99BAAB3D}.SingleImage|x86.ActiveCfg = Release|Any CPU
		{F31E3312-FAD7-4842-8696-F069DC5FC9A8}.CD_ROM|Any CPU.ActiveCfg = Release|Any CPU
		{F31E3312-FAD7-4842-8696-F069DC5FC9A8}.CD_ROM|Any CPU.Build.0 = Release|Any CPU
		{F31E3312-FAD7-4842-8696-F069DC5FC9A8}.CD_ROM|Mixed Platforms.ActiveCfg = Release|Any CPU
		{F31E3312-FAD7-4842-8696-F069DC5FC9A8}.CD_ROM|Mixed Platforms.Build.0 = Release|Any CPU
		{F31E3312-FAD7-4842-8696-F069DC5FC9A8}.CD_ROM|x64.ActiveCfg = Debug|Any CPU
		{F31E3312-FAD7-4842-8696-F069DC5FC9A8}.CD_ROM|x64.Build.0 = Debug|Any CPU
		{F31E3312-FAD7-4842-8696-F069DC5FC9A8}.CD_ROM|x86.ActiveCfg = Release|Any CPU
		{F31E3312-FAD7-4842-8696-F069DC5FC9A8}.Debug|Any CPU.ActiveCfg = Debug|Any CPU
		{F31E3312-FAD7-4842-8696-F069DC5FC9A8}.Debug|Any CPU.Build.0 = Debug|Any CPU
		{F31E3312-FAD7-4842-8696-F069DC5FC9A8}.Debug|Mixed Platforms.ActiveCfg = Debug|Any CPU
		{F31E3312-FAD7-4842-8696-F069DC5FC9A8}.Debug|Mixed Platforms.Build.0 = Debug|Any CPU
		{F31E3312-FAD7-4842-8696-F069DC5FC9A8}.Debug|x64.ActiveCfg = Debug|Any CPU
		{F31E3312-FAD7-4842-8696-F069DC5FC9A8}.Debug|x64.Build.0 = Debug|Any CPU
		{F31E3312-FAD7-4842-8696-F069DC5FC9A8}.Debug|x86.ActiveCfg = Debug|Any CPU
		{F31E3312-FAD7-4842-8696-F069DC5FC9A8}.DVD-5|Any CPU.ActiveCfg = Debug|Any CPU
		{F31E3312-FAD7-4842-8696-F069DC5FC9A8}.DVD-5|Any CPU.Build.0 = Debug|Any CPU
		{F31E3312-FAD7-4842-8696-F069DC5FC9A8}.DVD-5|Mixed Platforms.ActiveCfg = Debug|Any CPU
		{F31E3312-FAD7-4842-8696-F069DC5FC9A8}.DVD-5|Mixed Platforms.Build.0 = Debug|Any CPU
		{F31E3312-FAD7-4842-8696-F069DC5FC9A8}.DVD-5|x64.ActiveCfg = Debug|Any CPU
		{F31E3312-FAD7-4842-8696-F069DC5FC9A8}.DVD-5|x64.Build.0 = Debug|Any CPU
		{F31E3312-FAD7-4842-8696-F069DC5FC9A8}.DVD-5|x86.ActiveCfg = Debug|Any CPU
		{F31E3312-FAD7-4842-8696-F069DC5FC9A8}.Release|Any CPU.ActiveCfg = Release|Any CPU
		{F31E3312-FAD7-4842-8696-F069DC5FC9A8}.Release|Any CPU.Build.0 = Release|Any CPU
		{F31E3312-FAD7-4842-8696-F069DC5FC9A8}.Release|Mixed Platforms.ActiveCfg = Debug|Any CPU
		{F31E3312-FAD7-4842-8696-F069DC5FC9A8}.Release|Mixed Platforms.Build.0 = Debug|Any CPU
		{F31E3312-FAD7-4842-8696-F069DC5FC9A8}.Release|x64.ActiveCfg = Release|Any CPU
		{F31E3312-FAD7-4842-8696-F069DC5FC9A8}.Release|x64.Build.0 = Release|Any CPU
		{F31E3312-FAD7-4842-8696-F069DC5FC9A8}.Release|x86.ActiveCfg = Release|Any CPU
		{F31E3312-FAD7-4842-8696-F069DC5FC9A8}.SingleImage|Any CPU.ActiveCfg = Release|Any CPU
		{F31E3312-FAD7-4842-8696-F069DC5FC9A8}.SingleImage|Any CPU.Build.0 = Release|Any CPU
		{F31E3312-FAD7-4842-8696-F069DC5FC9A8}.SingleImage|Mixed Platforms.ActiveCfg = Release|Any CPU
		{F31E3312-FAD7-4842-8696-F069DC5FC9A8}.SingleImage|Mixed Platforms.Build.0 = Release|Any CPU
		{F31E3312-FAD7-4842-8696-F069DC5FC9A8}.SingleImage|x64.ActiveCfg = Debug|Any CPU
		{F31E3312-FAD7-4842-8696-F069DC5FC9A8}.SingleImage|x64.Build.0 = Debug|Any CPU
		{F31E3312-FAD7-4842-8696-F069DC5FC9A8}.SingleImage|x86.ActiveCfg = Release|Any CPU
		{112B83C6-1403-4E81-B2B2-8DE02BC3587C}.CD_ROM|Any CPU.ActiveCfg = Release|Any CPU
		{112B83C6-1403-4E81-B2B2-8DE02BC3587C}.CD_ROM|Any CPU.Build.0 = Release|Any CPU
		{112B83C6-1403-4E81-B2B2-8DE02BC3587C}.CD_ROM|Mixed Platforms.ActiveCfg = Release|Any CPU
		{112B83C6-1403-4E81-B2B2-8DE02BC3587C}.CD_ROM|Mixed Platforms.Build.0 = Release|Any CPU
		{112B83C6-1403-4E81-B2B2-8DE02BC3587C}.CD_ROM|x64.ActiveCfg = Debug|Any CPU
		{112B83C6-1403-4E81-B2B2-8DE02BC3587C}.CD_ROM|x64.Build.0 = Debug|Any CPU
		{112B83C6-1403-4E81-B2B2-8DE02BC3587C}.CD_ROM|x86.ActiveCfg = Release|Any CPU
		{112B83C6-1403-4E81-B2B2-8DE02BC3587C}.Debug|Any CPU.ActiveCfg = Debug|Any CPU
		{112B83C6-1403-4E81-B2B2-8DE02BC3587C}.Debug|Any CPU.Build.0 = Debug|Any CPU
		{112B83C6-1403-4E81-B2B2-8DE02BC3587C}.Debug|Mixed Platforms.ActiveCfg = Debug|Any CPU
		{112B83C6-1403-4E81-B2B2-8DE02BC3587C}.Debug|Mixed Platforms.Build.0 = Debug|Any CPU
		{112B83C6-1403-4E81-B2B2-8DE02BC3587C}.Debug|x64.ActiveCfg = Debug|Any CPU
		{112B83C6-1403-4E81-B2B2-8DE02BC3587C}.Debug|x64.Build.0 = Debug|Any CPU
		{112B83C6-1403-4E81-B2B2-8DE02BC3587C}.Debug|x86.ActiveCfg = Debug|Any CPU
		{112B83C6-1403-4E81-B2B2-8DE02BC3587C}.DVD-5|Any CPU.ActiveCfg = Debug|Any CPU
		{112B83C6-1403-4E81-B2B2-8DE02BC3587C}.DVD-5|Any CPU.Build.0 = Debug|Any CPU
		{112B83C6-1403-4E81-B2B2-8DE02BC3587C}.DVD-5|Mixed Platforms.ActiveCfg = Debug|Any CPU
		{112B83C6-1403-4E81-B2B2-8DE02BC3587C}.DVD-5|Mixed Platforms.Build.0 = Debug|Any CPU
		{112B83C6-1403-4E81-B2B2-8DE02BC3587C}.DVD-5|x64.ActiveCfg = Debug|Any CPU
		{112B83C6-1403-4E81-B2B2-8DE02BC3587C}.DVD-5|x64.Build.0 = Debug|Any CPU
		{112B83C6-1403-4E81-B2B2-8DE02BC3587C}.DVD-5|x86.ActiveCfg = Debug|Any CPU
		{112B83C6-1403-4E81-B2B2-8DE02BC3587C}.Release|Any CPU.ActiveCfg = Release|Any CPU
		{112B83C6-1403-4E81-B2B2-8DE02BC3587C}.Release|Any CPU.Build.0 = Release|Any CPU
		{112B83C6-1403-4E81-B2B2-8DE02BC3587C}.Release|Mixed Platforms.ActiveCfg = Debug|Any CPU
		{112B83C6-1403-4E81-B2B2-8DE02BC3587C}.Release|Mixed Platforms.Build.0 = Debug|Any CPU
		{112B83C6-1403-4E81-B2B2-8DE02BC3587C}.Release|x64.ActiveCfg = Release|Any CPU
		{112B83C6-1403-4E81-B2B2-8DE02BC3587C}.Release|x64.Build.0 = Release|Any CPU
		{112B83C6-1403-4E81-B2B2-8DE02BC3587C}.Release|x86.ActiveCfg = Release|Any CPU
		{112B83C6-1403-4E81-B2B2-8DE02BC3587C}.SingleImage|Any CPU.ActiveCfg = Release|Any CPU
		{112B83C6-1403-4E81-B2B2-8DE02BC3587C}.SingleImage|Any CPU.Build.0 = Release|Any CPU
		{112B83C6-1403-4E81-B2B2-8DE02BC3587C}.SingleImage|Mixed Platforms.ActiveCfg = Release|Any CPU
		{112B83C6-1403-4E81-B2B2-8DE02BC3587C}.SingleImage|Mixed Platforms.Build.0 = Release|Any CPU
		{112B83C6-1403-4E81-B2B2-8DE02BC3587C}.SingleImage|x64.ActiveCfg = Debug|Any CPU
		{112B83C6-1403-4E81-B2B2-8DE02BC3587C}.SingleImage|x64.Build.0 = Debug|Any CPU
		{112B83C6-1403-4E81-B2B2-8DE02BC3587C}.SingleImage|x86.ActiveCfg = Release|Any CPU
		{FB193707-8809-4C04-86D0-015C3D4852BE}.CD_ROM|Any CPU.ActiveCfg = Release|Any CPU
		{FB193707-8809-4C04-86D0-015C3D4852BE}.CD_ROM|Any CPU.Build.0 = Release|Any CPU
		{FB193707-8809-4C04-86D0-015C3D4852BE}.CD_ROM|Mixed Platforms.ActiveCfg = Release|Any CPU
		{FB193707-8809-4C04-86D0-015C3D4852BE}.CD_ROM|Mixed Platforms.Build.0 = Release|Any CPU
		{FB193707-8809-4C04-86D0-015C3D4852BE}.CD_ROM|x64.ActiveCfg = Debug|Any CPU
		{FB193707-8809-4C04-86D0-015C3D4852BE}.CD_ROM|x64.Build.0 = Debug|Any CPU
		{FB193707-8809-4C04-86D0-015C3D4852BE}.CD_ROM|x86.ActiveCfg = Release|Any CPU
		{FB193707-8809-4C04-86D0-015C3D4852BE}.Debug|Any CPU.ActiveCfg = Debug|Any CPU
		{FB193707-8809-4C04-86D0-015C3D4852BE}.Debug|Any CPU.Build.0 = Debug|Any CPU
		{FB193707-8809-4C04-86D0-015C3D4852BE}.Debug|Mixed Platforms.ActiveCfg = Debug|Any CPU
		{FB193707-8809-4C04-86D0-015C3D4852BE}.Debug|Mixed Platforms.Build.0 = Debug|Any CPU
		{FB193707-8809-4C04-86D0-015C3D4852BE}.Debug|x64.ActiveCfg = Debug|Any CPU
		{FB193707-8809-4C04-86D0-015C3D4852BE}.Debug|x64.Build.0 = Debug|Any CPU
		{FB193707-8809-4C04-86D0-015C3D4852BE}.Debug|x86.ActiveCfg = Debug|Any CPU
		{FB193707-8809-4C04-86D0-015C3D4852BE}.DVD-5|Any CPU.ActiveCfg = Debug|Any CPU
		{FB193707-8809-4C04-86D0-015C3D4852BE}.DVD-5|Any CPU.Build.0 = Debug|Any CPU
		{FB193707-8809-4C04-86D0-015C3D4852BE}.DVD-5|Mixed Platforms.ActiveCfg = Debug|Any CPU
		{FB193707-8809-4C04-86D0-015C3D4852BE}.DVD-5|Mixed Platforms.Build.0 = Debug|Any CPU
		{FB193707-8809-4C04-86D0-015C3D4852BE}.DVD-5|x64.ActiveCfg = Debug|Any CPU
		{FB193707-8809-4C04-86D0-015C3D4852BE}.DVD-5|x64.Build.0 = Debug|Any CPU
		{FB193707-8809-4C04-86D0-015C3D4852BE}.DVD-5|x86.ActiveCfg = Debug|Any CPU
		{FB193707-8809-4C04-86D0-015C3D4852BE}.Release|Any CPU.ActiveCfg = Release|Any CPU
		{FB193707-8809-4C04-86D0-015C3D4852BE}.Release|Any CPU.Build.0 = Release|Any CPU
		{FB193707-8809-4C04-86D0-015C3D4852BE}.Release|Mixed Platforms.ActiveCfg = Debug|Any CPU
		{FB193707-8809-4C04-86D0-015C3D4852BE}.Release|Mixed Platforms.Build.0 = Debug|Any CPU
		{FB193707-8809-4C04-86D0-015C3D4852BE}.Release|x64.ActiveCfg = Release|Any CPU
		{FB193707-8809-4C04-86D0-015C3D4852BE}.Release|x64.Build.0 = Release|Any CPU
		{FB193707-8809-4C04-86D0-015C3D4852BE}.Release|x86.ActiveCfg = Release|Any CPU
		{FB193707-8809-4C04-86D0-015C3D4852BE}.SingleImage|Any CPU.ActiveCfg = Release|Any CPU
		{FB193707-8809-4C04-86D0-015C3D4852BE}.SingleImage|Any CPU.Build.0 = Release|Any CPU
		{FB193707-8809-4C04-86D0-015C3D4852BE}.SingleImage|Mixed Platforms.ActiveCfg = Release|Any CPU
		{FB193707-8809-4C04-86D0-015C3D4852BE}.SingleImage|Mixed Platforms.Build.0 = Release|Any CPU
		{FB193707-8809-4C04-86D0-015C3D4852BE}.SingleImage|x64.ActiveCfg = Debug|Any CPU
		{FB193707-8809-4C04-86D0-015C3D4852BE}.SingleImage|x64.Build.0 = Debug|Any CPU
		{FB193707-8809-4C04-86D0-015C3D4852BE}.SingleImage|x86.ActiveCfg = Release|Any CPU
		{333CFED0-B19C-4A72-A502-9A4782C852D4}.CD_ROM|Any CPU.ActiveCfg = Release|Any CPU
		{333CFED0-B19C-4A72-A502-9A4782C852D4}.CD_ROM|Any CPU.Build.0 = Release|Any CPU
		{333CFED0-B19C-4A72-A502-9A4782C852D4}.CD_ROM|Mixed Platforms.ActiveCfg = Release|Any CPU
		{333CFED0-B19C-4A72-A502-9A4782C852D4}.CD_ROM|Mixed Platforms.Build.0 = Release|Any CPU
		{333CFED0-B19C-4A72-A502-9A4782C852D4}.CD_ROM|x64.ActiveCfg = Debug|Any CPU
		{333CFED0-B19C-4A72-A502-9A4782C852D4}.CD_ROM|x64.Build.0 = Debug|Any CPU
		{333CFED0-B19C-4A72-A502-9A4782C852D4}.CD_ROM|x86.ActiveCfg = Release|Any CPU
		{333CFED0-B19C-4A72-A502-9A4782C852D4}.CD_ROM|x86.Build.0 = Release|Any CPU
		{333CFED0-B19C-4A72-A502-9A4782C852D4}.Debug|Any CPU.ActiveCfg = Debug|Any CPU
		{333CFED0-B19C-4A72-A502-9A4782C852D4}.Debug|Any CPU.Build.0 = Debug|Any CPU
		{333CFED0-B19C-4A72-A502-9A4782C852D4}.Debug|Mixed Platforms.ActiveCfg = Debug|Any CPU
		{333CFED0-B19C-4A72-A502-9A4782C852D4}.Debug|Mixed Platforms.Build.0 = Debug|Any CPU
		{333CFED0-B19C-4A72-A502-9A4782C852D4}.Debug|x64.ActiveCfg = Debug|Any CPU
		{333CFED0-B19C-4A72-A502-9A4782C852D4}.Debug|x64.Build.0 = Debug|Any CPU
		{333CFED0-B19C-4A72-A502-9A4782C852D4}.Debug|x86.ActiveCfg = Debug|Any CPU
		{333CFED0-B19C-4A72-A502-9A4782C852D4}.Debug|x86.Build.0 = Debug|Any CPU
		{333CFED0-B19C-4A72-A502-9A4782C852D4}.DVD-5|Any CPU.ActiveCfg = Debug|Any CPU
		{333CFED0-B19C-4A72-A502-9A4782C852D4}.DVD-5|Any CPU.Build.0 = Debug|Any CPU
		{333CFED0-B19C-4A72-A502-9A4782C852D4}.DVD-5|Mixed Platforms.ActiveCfg = Debug|Any CPU
		{333CFED0-B19C-4A72-A502-9A4782C852D4}.DVD-5|Mixed Platforms.Build.0 = Debug|Any CPU
		{333CFED0-B19C-4A72-A502-9A4782C852D4}.DVD-5|x64.ActiveCfg = Debug|Any CPU
		{333CFED0-B19C-4A72-A502-9A4782C852D4}.DVD-5|x64.Build.0 = Debug|Any CPU
		{333CFED0-B19C-4A72-A502-9A4782C852D4}.DVD-5|x86.ActiveCfg = Debug|Any CPU
		{333CFED0-B19C-4A72-A502-9A4782C852D4}.DVD-5|x86.Build.0 = Debug|Any CPU
		{333CFED0-B19C-4A72-A502-9A4782C852D4}.Release|Any CPU.ActiveCfg = Release|Any CPU
		{333CFED0-B19C-4A72-A502-9A4782C852D4}.Release|Any CPU.Build.0 = Release|Any CPU
		{333CFED0-B19C-4A72-A502-9A4782C852D4}.Release|Mixed Platforms.ActiveCfg = Debug|Any CPU
		{333CFED0-B19C-4A72-A502-9A4782C852D4}.Release|Mixed Platforms.Build.0 = Debug|Any CPU
		{333CFED0-B19C-4A72-A502-9A4782C852D4}.Release|x64.ActiveCfg = Release|Any CPU
		{333CFED0-B19C-4A72-A502-9A4782C852D4}.Release|x64.Build.0 = Release|Any CPU
		{333CFED0-B19C-4A72-A502-9A4782C852D4}.Release|x86.ActiveCfg = Release|Any CPU
		{333CFED0-B19C-4A72-A502-9A4782C852D4}.Release|x86.Build.0 = Release|Any CPU
		{333CFED0-B19C-4A72-A502-9A4782C852D4}.SingleImage|Any CPU.ActiveCfg = Release|Any CPU
		{333CFED0-B19C-4A72-A502-9A4782C852D4}.SingleImage|Any CPU.Build.0 = Release|Any CPU
		{333CFED0-B19C-4A72-A502-9A4782C852D4}.SingleImage|Mixed Platforms.ActiveCfg = Release|Any CPU
		{333CFED0-B19C-4A72-A502-9A4782C852D4}.SingleImage|Mixed Platforms.Build.0 = Release|Any CPU
		{333CFED0-B19C-4A72-A502-9A4782C852D4}.SingleImage|x64.ActiveCfg = Debug|Any CPU
		{333CFED0-B19C-4A72-A502-9A4782C852D4}.SingleImage|x64.Build.0 = Debug|Any CPU
		{333CFED0-B19C-4A72-A502-9A4782C852D4}.SingleImage|x86.ActiveCfg = Release|Any CPU
		{333CFED0-B19C-4A72-A502-9A4782C852D4}.SingleImage|x86.Build.0 = Release|Any CPU
		{5FED9495-22B8-4A51-8C34-A94DF3081781}.CD_ROM|Any CPU.ActiveCfg = Release|Any CPU
		{5FED9495-22B8-4A51-8C34-A94DF3081781}.CD_ROM|Any CPU.Build.0 = Release|Any CPU
		{5FED9495-22B8-4A51-8C34-A94DF3081781}.CD_ROM|Mixed Platforms.ActiveCfg = Release|Any CPU
		{5FED9495-22B8-4A51-8C34-A94DF3081781}.CD_ROM|Mixed Platforms.Build.0 = Release|Any CPU
		{5FED9495-22B8-4A51-8C34-A94DF3081781}.CD_ROM|x64.ActiveCfg = Debug|Any CPU
		{5FED9495-22B8-4A51-8C34-A94DF3081781}.CD_ROM|x64.Build.0 = Debug|Any CPU
		{5FED9495-22B8-4A51-8C34-A94DF3081781}.CD_ROM|x86.ActiveCfg = Release|Any CPU
		{5FED9495-22B8-4A51-8C34-A94DF3081781}.CD_ROM|x86.Build.0 = Release|Any CPU
		{5FED9495-22B8-4A51-8C34-A94DF3081781}.Debug|Any CPU.ActiveCfg = Debug|Any CPU
		{5FED9495-22B8-4A51-8C34-A94DF3081781}.Debug|Any CPU.Build.0 = Debug|Any CPU
		{5FED9495-22B8-4A51-8C34-A94DF3081781}.Debug|Mixed Platforms.ActiveCfg = Debug|Any CPU
		{5FED9495-22B8-4A51-8C34-A94DF3081781}.Debug|Mixed Platforms.Build.0 = Debug|Any CPU
		{5FED9495-22B8-4A51-8C34-A94DF3081781}.Debug|x64.ActiveCfg = Debug|Any CPU
		{5FED9495-22B8-4A51-8C34-A94DF3081781}.Debug|x64.Build.0 = Debug|Any CPU
		{5FED9495-22B8-4A51-8C34-A94DF3081781}.Debug|x86.ActiveCfg = Debug|Any CPU
		{5FED9495-22B8-4A51-8C34-A94DF3081781}.Debug|x86.Build.0 = Debug|Any CPU
		{5FED9495-22B8-4A51-8C34-A94DF3081781}.DVD-5|Any CPU.ActiveCfg = Debug|Any CPU
		{5FED9495-22B8-4A51-8C34-A94DF3081781}.DVD-5|Any CPU.Build.0 = Debug|Any CPU
		{5FED9495-22B8-4A51-8C34-A94DF3081781}.DVD-5|Mixed Platforms.ActiveCfg = Debug|Any CPU
		{5FED9495-22B8-4A51-8C34-A94DF3081781}.DVD-5|Mixed Platforms.Build.0 = Debug|Any CPU
		{5FED9495-22B8-4A51-8C34-A94DF3081781}.DVD-5|x64.ActiveCfg = Debug|Any CPU
		{5FED9495-22B8-4A51-8C34-A94DF3081781}.DVD-5|x64.Build.0 = Debug|Any CPU
		{5FED9495-22B8-4A51-8C34-A94DF3081781}.DVD-5|x86.ActiveCfg = Debug|Any CPU
		{5FED9495-22B8-4A51-8C34-A94DF3081781}.DVD-5|x86.Build.0 = Debug|Any CPU
		{5FED9495-22B8-4A51-8C34-A94DF3081781}.Release|Any CPU.ActiveCfg = Release|Any CPU
		{5FED9495-22B8-4A51-8C34-A94DF3081781}.Release|Any CPU.Build.0 = Release|Any CPU
		{5FED9495-22B8-4A51-8C34-A94DF3081781}.Release|Mixed Platforms.ActiveCfg = Debug|Any CPU
		{5FED9495-22B8-4A51-8C34-A94DF3081781}.Release|Mixed Platforms.Build.0 = Debug|Any CPU
		{5FED9495-22B8-4A51-8C34-A94DF3081781}.Release|x64.ActiveCfg = Release|Any CPU
		{5FED9495-22B8-4A51-8C34-A94DF3081781}.Release|x64.Build.0 = Release|Any CPU
		{5FED9495-22B8-4A51-8C34-A94DF3081781}.Release|x86.ActiveCfg = Release|Any CPU
		{5FED9495-22B8-4A51-8C34-A94DF3081781}.Release|x86.Build.0 = Release|Any CPU
		{5FED9495-22B8-4A51-8C34-A94DF3081781}.SingleImage|Any CPU.ActiveCfg = Release|Any CPU
		{5FED9495-22B8-4A51-8C34-A94DF3081781}.SingleImage|Any CPU.Build.0 = Release|Any CPU
		{5FED9495-22B8-4A51-8C34-A94DF3081781}.SingleImage|Mixed Platforms.ActiveCfg = Release|Any CPU
		{5FED9495-22B8-4A51-8C34-A94DF3081781}.SingleImage|Mixed Platforms.Build.0 = Release|Any CPU
		{5FED9495-22B8-4A51-8C34-A94DF3081781}.SingleImage|x64.ActiveCfg = Debug|Any CPU
		{5FED9495-22B8-4A51-8C34-A94DF3081781}.SingleImage|x64.Build.0 = Debug|Any CPU
		{5FED9495-22B8-4A51-8C34-A94DF3081781}.SingleImage|x86.ActiveCfg = Release|Any CPU
		{5FED9495-22B8-4A51-8C34-A94DF3081781}.SingleImage|x86.Build.0 = Release|Any CPU
		{AD514421-FADB-4FC5-A6FA-A09F97DA90A8}.CD_ROM|Any CPU.ActiveCfg = CD_ROM
		{AD514421-FADB-4FC5-A6FA-A09F97DA90A8}.CD_ROM|Any CPU.Build.0 = CD_ROM
		{AD514421-FADB-4FC5-A6FA-A09F97DA90A8}.CD_ROM|Mixed Platforms.ActiveCfg = CD_ROM
		{AD514421-FADB-4FC5-A6FA-A09F97DA90A8}.CD_ROM|Mixed Platforms.Build.0 = CD_ROM
		{AD514421-FADB-4FC5-A6FA-A09F97DA90A8}.CD_ROM|x64.ActiveCfg = CD_ROM
		{AD514421-FADB-4FC5-A6FA-A09F97DA90A8}.CD_ROM|x64.Build.0 = CD_ROM
		{AD514421-FADB-4FC5-A6FA-A09F97DA90A8}.CD_ROM|x86.ActiveCfg = CD_ROM
		{AD514421-FADB-4FC5-A6FA-A09F97DA90A8}.CD_ROM|x86.Build.0 = CD_ROM
		{AD514421-FADB-4FC5-A6FA-A09F97DA90A8}.Debug|Any CPU.ActiveCfg = DVD-5
		{AD514421-FADB-4FC5-A6FA-A09F97DA90A8}.Debug|Any CPU.Build.0 = DVD-5
		{AD514421-FADB-4FC5-A6FA-A09F97DA90A8}.Debug|Mixed Platforms.ActiveCfg = DVD-5
		{AD514421-FADB-4FC5-A6FA-A09F97DA90A8}.Debug|Mixed Platforms.Build.0 = DVD-5
		{AD514421-FADB-4FC5-A6FA-A09F97DA90A8}.Debug|x64.ActiveCfg = DVD-5
		{AD514421-FADB-4FC5-A6FA-A09F97DA90A8}.Debug|x64.Build.0 = DVD-5
		{AD514421-FADB-4FC5-A6FA-A09F97DA90A8}.Debug|x86.ActiveCfg = DVD-5
		{AD514421-FADB-4FC5-A6FA-A09F97DA90A8}.Debug|x86.Build.0 = DVD-5
		{AD514421-FADB-4FC5-A6FA-A09F97DA90A8}.DVD-5|Any CPU.ActiveCfg = DVD-5
		{AD514421-FADB-4FC5-A6FA-A09F97DA90A8}.DVD-5|Any CPU.Build.0 = DVD-5
		{AD514421-FADB-4FC5-A6FA-A09F97DA90A8}.DVD-5|Mixed Platforms.ActiveCfg = DVD-5
		{AD514421-FADB-4FC5-A6FA-A09F97DA90A8}.DVD-5|Mixed Platforms.Build.0 = DVD-5
		{AD514421-FADB-4FC5-A6FA-A09F97DA90A8}.DVD-5|x64.ActiveCfg = DVD-5
		{AD514421-FADB-4FC5-A6FA-A09F97DA90A8}.DVD-5|x64.Build.0 = DVD-5
		{AD514421-FADB-4FC5-A6FA-A09F97DA90A8}.DVD-5|x86.ActiveCfg = DVD-5
		{AD514421-FADB-4FC5-A6FA-A09F97DA90A8}.DVD-5|x86.Build.0 = DVD-5
		{AD514421-FADB-4FC5-A6FA-A09F97DA90A8}.Release|Any CPU.ActiveCfg = SingleImage
		{AD514421-FADB-4FC5-A6FA-A09F97DA90A8}.Release|Any CPU.Build.0 = SingleImage
		{AD514421-FADB-4FC5-A6FA-A09F97DA90A8}.Release|Mixed Platforms.ActiveCfg = SingleImage
		{AD514421-FADB-4FC5-A6FA-A09F97DA90A8}.Release|Mixed Platforms.Build.0 = SingleImage
		{AD514421-FADB-4FC5-A6FA-A09F97DA90A8}.Release|x64.ActiveCfg = SingleImage
		{AD514421-FADB-4FC5-A6FA-A09F97DA90A8}.Release|x64.Build.0 = SingleImage
		{AD514421-FADB-4FC5-A6FA-A09F97DA90A8}.Release|x86.ActiveCfg = SingleImage
		{AD514421-FADB-4FC5-A6FA-A09F97DA90A8}.Release|x86.Build.0 = SingleImage
		{AD514421-FADB-4FC5-A6FA-A09F97DA90A8}.SingleImage|Any CPU.ActiveCfg = SingleImage
		{AD514421-FADB-4FC5-A6FA-A09F97DA90A8}.SingleImage|Any CPU.Build.0 = SingleImage
		{AD514421-FADB-4FC5-A6FA-A09F97DA90A8}.SingleImage|Mixed Platforms.ActiveCfg = SingleImage
		{AD514421-FADB-4FC5-A6FA-A09F97DA90A8}.SingleImage|Mixed Platforms.Build.0 = SingleImage
		{AD514421-FADB-4FC5-A6FA-A09F97DA90A8}.SingleImage|x64.ActiveCfg = SingleImage
		{AD514421-FADB-4FC5-A6FA-A09F97DA90A8}.SingleImage|x64.Build.0 = SingleImage
		{AD514421-FADB-4FC5-A6FA-A09F97DA90A8}.SingleImage|x86.ActiveCfg = SingleImage
		{AD514421-FADB-4FC5-A6FA-A09F97DA90A8}.SingleImage|x86.Build.0 = SingleImage
		{9B210303-49D5-4F76-9F55-E3AB85312C96}.CD_ROM|Any CPU.ActiveCfg = CD_ROM
		{9B210303-49D5-4F76-9F55-E3AB85312C96}.CD_ROM|Any CPU.Build.0 = CD_ROM
		{9B210303-49D5-4F76-9F55-E3AB85312C96}.CD_ROM|Mixed Platforms.ActiveCfg = CD_ROM
		{9B210303-49D5-4F76-9F55-E3AB85312C96}.CD_ROM|Mixed Platforms.Build.0 = CD_ROM
		{9B210303-49D5-4F76-9F55-E3AB85312C96}.CD_ROM|x64.ActiveCfg = CD_ROM
		{9B210303-49D5-4F76-9F55-E3AB85312C96}.CD_ROM|x64.Build.0 = CD_ROM
		{9B210303-49D5-4F76-9F55-E3AB85312C96}.CD_ROM|x86.ActiveCfg = CD_ROM
		{9B210303-49D5-4F76-9F55-E3AB85312C96}.CD_ROM|x86.Build.0 = CD_ROM
		{9B210303-49D5-4F76-9F55-E3AB85312C96}.Debug|Any CPU.ActiveCfg = DVD-5
		{9B210303-49D5-4F76-9F55-E3AB85312C96}.Debug|Any CPU.Build.0 = DVD-5
		{9B210303-49D5-4F76-9F55-E3AB85312C96}.Debug|Mixed Platforms.ActiveCfg = DVD-5
		{9B210303-49D5-4F76-9F55-E3AB85312C96}.Debug|Mixed Platforms.Build.0 = DVD-5
		{9B210303-49D5-4F76-9F55-E3AB85312C96}.Debug|x64.ActiveCfg = DVD-5
		{9B210303-49D5-4F76-9F55-E3AB85312C96}.Debug|x64.Build.0 = DVD-5
		{9B210303-49D5-4F76-9F55-E3AB85312C96}.Debug|x86.ActiveCfg = DVD-5
		{9B210303-49D5-4F76-9F55-E3AB85312C96}.Debug|x86.Build.0 = DVD-5
		{9B210303-49D5-4F76-9F55-E3AB85312C96}.DVD-5|Any CPU.ActiveCfg = DVD-5
		{9B210303-49D5-4F76-9F55-E3AB85312C96}.DVD-5|Any CPU.Build.0 = DVD-5
		{9B210303-49D5-4F76-9F55-E3AB85312C96}.DVD-5|Mixed Platforms.ActiveCfg = DVD-5
		{9B210303-49D5-4F76-9F55-E3AB85312C96}.DVD-5|Mixed Platforms.Build.0 = DVD-5
		{9B210303-49D5-4F76-9F55-E3AB85312C96}.DVD-5|x64.ActiveCfg = DVD-5
		{9B210303-49D5-4F76-9F55-E3AB85312C96}.DVD-5|x64.Build.0 = DVD-5
		{9B210303-49D5-4F76-9F55-E3AB85312C96}.DVD-5|x86.ActiveCfg = DVD-5
		{9B210303-49D5-4F76-9F55-E3AB85312C96}.DVD-5|x86.Build.0 = DVD-5
		{9B210303-49D5-4F76-9F55-E3AB85312C96}.Release|Any CPU.ActiveCfg = SingleImage
		{9B210303-49D5-4F76-9F55-E3AB85312C96}.Release|Any CPU.Build.0 = SingleImage
		{9B210303-49D5-4F76-9F55-E3AB85312C96}.Release|Mixed Platforms.ActiveCfg = SingleImage
		{9B210303-49D5-4F76-9F55-E3AB85312C96}.Release|Mixed Platforms.Build.0 = SingleImage
		{9B210303-49D5-4F76-9F55-E3AB85312C96}.Release|x64.ActiveCfg = SingleImage
		{9B210303-49D5-4F76-9F55-E3AB85312C96}.Release|x64.Build.0 = SingleImage
		{9B210303-49D5-4F76-9F55-E3AB85312C96}.Release|x86.ActiveCfg = SingleImage
		{9B210303-49D5-4F76-9F55-E3AB85312C96}.Release|x86.Build.0 = SingleImage
		{9B210303-49D5-4F76-9F55-E3AB85312C96}.SingleImage|Any CPU.ActiveCfg = SingleImage
		{9B210303-49D5-4F76-9F55-E3AB85312C96}.SingleImage|Any CPU.Build.0 = SingleImage
		{9B210303-49D5-4F76-9F55-E3AB85312C96}.SingleImage|Mixed Platforms.ActiveCfg = SingleImage
		{9B210303-49D5-4F76-9F55-E3AB85312C96}.SingleImage|Mixed Platforms.Build.0 = SingleImage
		{9B210303-49D5-4F76-9F55-E3AB85312C96}.SingleImage|x64.ActiveCfg = SingleImage
		{9B210303-49D5-4F76-9F55-E3AB85312C96}.SingleImage|x64.Build.0 = SingleImage
		{9B210303-49D5-4F76-9F55-E3AB85312C96}.SingleImage|x86.ActiveCfg = SingleImage
		{9B210303-49D5-4F76-9F55-E3AB85312C96}.SingleImage|x86.Build.0 = SingleImage
	EndGlobalSection
	GlobalSection(SolutionProperties) = preSolution
		HideSolutionNode = FALSE
	EndGlobalSection
EndGlobal
